
Microsoft Visual Studio Solution File, Format Version 12.00
# Visual Studio Version 16
VisualStudioVersion = 16.0.31025.194
MinimumVisualStudioVersion = 10.0.40219.1
Project("{2150E333-8FDC-42A3-9474-1A3956D46DE8}") = "src", "src", "{8FAD54C1-7E22-4136-A1D0-F8B8B2C248CB}"
EndProject
Project("{2150E333-8FDC-42A3-9474-1A3956D46DE8}") = "ContentManagementSystem", "ContentManagementSystem", "{9FB4F313-9000-4424-8364-1BDCAC489087}"
EndProject
Project("{FAE04EC0-301F-11D3-BF4B-00C04F79EFBC}") = "CMS.Entity", "src\ContentManagementSystem\CMS.Entity\CMS.Entity.csproj", "{9AD528E3-0F2F-4876-B3A0-4C941F47E916}"
EndProject
Project("{FAE04EC0-301F-11D3-BF4B-00C04F79EFBC}") = "CMS.Data", "src\ContentManagementSystem\CMS.Data\CMS.Data.csproj", "{CAB9F145-8C57-4E33-984D-A0B11573A91F}"
EndProject
Project("{FAE04EC0-301F-11D3-BF4B-00C04F79EFBC}") = "CMS.Web", "src\ContentManagementSystem\CMS.Web\CMS.Web.csproj", "{3615E78D-D323-4A3D-A764-E1629416A7A7}"
EndProject
Global
	GlobalSection(SolutionConfigurationPlatforms) = preSolution
		Debug|Any CPU = Debug|Any CPU
		Release|Any CPU = Release|Any CPU
	EndGlobalSection
	GlobalSection(ProjectConfigurationPlatforms) = postSolution
		{9AD528E3-0F2F-4876-B3A0-4C941F47E916}.Debug|Any CPU.ActiveCfg = Debug|Any CPU
		{9AD528E3-0F2F-4876-B3A0-4C941F47E916}.Debug|Any CPU.Build.0 = Debug|Any CPU
		{9AD528E3-0F2F-4876-B3A0-4C941F47E916}.Release|Any CPU.ActiveCfg = Release|Any CPU
		{9AD528E3-0F2F-4876-B3A0-4C941F47E916}.Release|Any CPU.Build.0 = Release|Any CPU
		{CAB9F145-8C57-4E33-984D-A0B11573A91F}.Debug|Any CPU.ActiveCfg = Debug|Any CPU
		{CAB9F145-8C57-4E33-984D-A0B11573A91F}.Debug|Any CPU.Build.0 = Debug|Any CPU
		{CAB9F145-8C57-4E33-984D-A0B11573A91F}.Release|Any CPU.ActiveCfg = Release|Any CPU
		{CAB9F145-8C57-4E33-984D-A0B11573A91F}.Release|Any CPU.Build.0 = Release|Any CPU
		{3615E78D-D323-4A3D-A764-E1629416A7A7}.Debug|Any CPU.ActiveCfg = Debug|Any CPU
		{3615E78D-D323-4A3D-A764-E1629416A7A7}.Debug|Any CPU.Build.0 = Debug|Any CPU
		{3615E78D-D323-4A3D-A764-E1629416A7A7}.Release|Any CPU.ActiveCfg = Release|Any CPU
		{3615E78D-D323-4A3D-A764-E1629416A7A7}.Release|Any CPU.Build.0 = Release|Any CPU
	EndGlobalSection
	GlobalSection(SolutionProperties) = preSolution
		HideSolutionNode = FALSE
	EndGlobalSection
	GlobalSection(NestedProjects) = preSolution
		{9FB4F313-9000-4424-8364-1BDCAC489087} = {8FAD54C1-7E22-4136-A1D0-F8B8B2C248CB}
		{9AD528E3-0F2F-4876-B3A0-4C941F47E916} = {9FB4F313-9000-4424-8364-1BDCAC489087}
		{CAB9F145-8C57-4E33-984D-A0B11573A91F} = {9FB4F313-9000-4424-8364-1BDCAC489087}
		{3615E78D-D323-4A3D-A764-E1629416A7A7} = {9FB4F313-9000-4424-8364-1BDCAC489087}
	EndGlobalSection
	GlobalSection(ExtensibilityGlobals) = postSolution
		SolutionGuid = {48CD7DB0-90A1-4E72-8367-3581032C3557}
	EndGlobalSection
EndGlobal
